
Microsoft Visual Studio Solution File, Format Version 12.00
# Visual Studio Version 17
VisualStudioVersion = 17.5.33530.505
MinimumVisualStudioVersion = 10.0.40219.1
Project("{9A19103F-16F7-4668-BE54-9A1E7A4F7556}") = "HospitalManagementSystemApi", "HospitalManagementSystemApi\HospitalManagementSystemApi.csproj", "{96E8F69A-A744-439A-9D0B-BB626E9809C2}"
EndProject
Project("{FAE04EC0-301F-11D3-BF4B-00C04F79EFBC}") = "AddToAppointmentFunction", "AddToAppointmentFunction\AddToAppointmentFunction.csproj", "{B740E572-75AD-45F4-90A6-7FA9C8E402DB}"
EndProject
Global
	GlobalSection(SolutionConfigurationPlatforms) = preSolution
		Debug|Any CPU = Debug|Any CPU
		Release|Any CPU = Release|Any CPU
	EndGlobalSection
	GlobalSection(ProjectConfigurationPlatforms) = postSolution
		{96E8F69A-A744-439A-9D0B-BB626E9809C2}.Debug|Any CPU.ActiveCfg = Debug|Any CPU
		{96E8F69A-A744-439A-9D0B-BB626E9809C2}.Debug|Any CPU.Build.0 = Debug|Any CPU
		{96E8F69A-A744-439A-9D0B-BB626E9809C2}.Release|Any CPU.ActiveCfg = Release|Any CPU
		{96E8F69A-A744-439A-9D0B-BB626E9809C2}.Release|Any CPU.Build.0 = Release|Any CPU
		{B740E572-75AD-45F4-90A6-7FA9C8E402DB}.Debug|Any CPU.ActiveCfg = Debug|Any CPU
		{B740E572-75AD-45F4-90A6-7FA9C8E402DB}.Debug|Any CPU.Build.0 = Debug|Any CPU
		{B740E572-75AD-45F4-90A6-7FA9C8E402DB}.Release|Any CPU.ActiveCfg = Release|Any CPU
		{B740E572-75AD-45F4-90A6-7FA9C8E402DB}.Release|Any CPU.Build.0 = Release|Any CPU
	EndGlobalSection
	GlobalSection(SolutionProperties) = preSolution
		HideSolutionNode = FALSE
	EndGlobalSection
	GlobalSection(ExtensibilityGlobals) = postSolution
		SolutionGuid = {E240DA57-54B7-4078-B642-2AB06A48755A}
	EndGlobalSection
EndGlobal
